
Microsoft Visual Studio Solution File, Format Version 12.00
# Visual Studio Version 16
VisualStudioVersion = 16.0.30330.147
MinimumVisualStudioVersion = 10.0.40219.1
Project("{00D1A9C2-B5F0-4AF3-8072-F6C62B433612}") = "StockMarketPrj", "StockMarketPrj\StockMarketPrj.sqlproj", "{1018CFC5-FCFC-4AD6-97B0-AAEF4099A574}"
EndProject
Global
	GlobalSection(SolutionConfigurationPlatforms) = preSolution
		Debug|Any CPU = Debug|Any CPU
		Release|Any CPU = Release|Any CPU
	EndGlobalSection
	GlobalSection(ProjectConfigurationPlatforms) = postSolution
		{1018CFC5-FCFC-4AD6-97B0-AAEF4099A574}.Debug|Any CPU.ActiveCfg = Debug|Any CPU
		{1018CFC5-FCFC-4AD6-97B0-AAEF4099A574}.Debug|Any CPU.Build.0 = Debug|Any CPU
		{1018CFC5-FCFC-4AD6-97B0-AAEF4099A574}.Debug|Any CPU.Deploy.0 = Debug|Any CPU
		{1018CFC5-FCFC-4AD6-97B0-AAEF4099A574}.Release|Any CPU.ActiveCfg = Release|Any CPU
		{1018CFC5-FCFC-4AD6-97B0-AAEF4099A574}.Release|Any CPU.Build.0 = Release|Any CPU
		{1018CFC5-FCFC-4AD6-97B0-AAEF4099A574}.Release|Any CPU.Deploy.0 = Release|Any CPU
	EndGlobalSection
	GlobalSection(SolutionProperties) = preSolution
		HideSolutionNode = FALSE
	EndGlobalSection
	GlobalSection(ExtensibilityGlobals) = postSolution
		SolutionGuid = {238CD7F0-29FF-4FB9-876C-94A81949DF2C}
	EndGlobalSection
EndGlobal
